<Solution>
  <Project Path="ENM.Additionals/ENM.Additionals.csproj" />
  <Project Path="ENM.Core.Abstractions/ENM.Core.Abstractions.csproj" />
  <Project Path="ENM.Core/ENM.Core.csproj" />
  <Project Path="ENM.Sample.Shop/ENM.Sample.Shop.csproj" Id="7d25d754-e0fc-4f65-ac3b-591d6da695b6" />
  <Project Path="ENM.Tests.AppExample/ENM.Tests.AppExample.csproj" />
</Solution>
